
Microsoft Visual Studio Solution File, Format Version 12.00
# Visual Studio Version 17
VisualStudioVersion = 17.0.31903.59
MinimumVisualStudioVersion = 10.0.40219.1
Project("{FAE04EC0-301F-11D3-BF4B-00C04F79EFBC}") = "CarParts.Domain", "CarParts.Domain\CarParts.Domain.csproj", "{D696B63E-15F4-4C88-8469-8105B985CAB0}"
EndProject
Project("{FAE04EC0-301F-11D3-BF4B-00C04F79EFBC}") = "CarParts.Application", "CarParts.Application\CarParts.Application.csproj", "{F619A0F5-5B85-496B-9717-563758176135}"
EndProject
Project("{FAE04EC0-301F-11D3-BF4B-00C04F79EFBC}") = "CarParts.Infrastructure", "CarParts.Infrastructure\CarParts.Infrastructure.csproj", "{FA0F2541-DF0C-42EB-B4F4-C5CE0446F1F2}"
EndProject
Project("{FAE04EC0-301F-11D3-BF4B-00C04F79EFBC}") = "CarParts.API", "CarParts.API\CarParts.API.csproj", "{47ABD9BD-BB54-48E2-8CDA-F28C9D721286}"
EndProject
Global
	GlobalSection(SolutionConfigurationPlatforms) = preSolution
		Debug|Any CPU = Debug|Any CPU
		Debug|x64 = Debug|x64
		Debug|x86 = Debug|x86
		Release|Any CPU = Release|Any CPU
		Release|x64 = Release|x64
		Release|x86 = Release|x86
	EndGlobalSection
	GlobalSection(ProjectConfigurationPlatforms) = postSolution
		{D696B63E-15F4-4C88-8469-8105B985CAB0}.Debug|Any CPU.ActiveCfg = Debug|Any CPU
		{D696B63E-15F4-4C88-8469-8105B985CAB0}.Debug|Any CPU.Build.0 = Debug|Any CPU
		{D696B63E-15F4-4C88-8469-8105B985CAB0}.Debug|x64.ActiveCfg = Debug|Any CPU
		{D696B63E-15F4-4C88-8469-8105B985CAB0}.Debug|x64.Build.0 = Debug|Any CPU
		{D696B63E-15F4-4C88-8469-8105B985CAB0}.Debug|x86.ActiveCfg = Debug|Any CPU
		{D696B63E-15F4-4C88-8469-8105B985CAB0}.Debug|x86.Build.0 = Debug|Any CPU
		{D696B63E-15F4-4C88-8469-8105B985CAB0}.Release|Any CPU.ActiveCfg = Release|Any CPU
		{D696B63E-15F4-4C88-8469-8105B985CAB0}.Release|Any CPU.Build.0 = Release|Any CPU
		{D696B63E-15F4-4C88-8469-8105B985CAB0}.Release|x64.ActiveCfg = Release|Any CPU
		{D696B63E-15F4-4C88-8469-8105B985CAB0}.Release|x64.Build.0 = Release|Any CPU
		{D696B63E-15F4-4C88-8469-8105B985CAB0}.Release|x86.ActiveCfg = Release|Any CPU
		{D696B63E-15F4-4C88-8469-8105B985CAB0}.Release|x86.Build.0 = Release|Any CPU
		{F619A0F5-5B85-496B-9717-563758176135}.Debug|Any CPU.ActiveCfg = Debug|Any CPU
		{F619A0F5-5B85-496B-9717-563758176135}.Debug|Any CPU.Build.0 = Debug|Any CPU
		{F619A0F5-5B85-496B-9717-563758176135}.Debug|x64.ActiveCfg = Debug|Any CPU
		{F619A0F5-5B85-496B-9717-563758176135}.Debug|x64.Build.0 = Debug|Any CPU
		{F619A0F5-5B85-496B-9717-563758176135}.Debug|x86.ActiveCfg = Debug|Any CPU
		{F619A0F5-5B85-496B-9717-563758176135}.Debug|x86.Build.0 = Debug|Any CPU
		{F619A0F5-5B85-496B-9717-563758176135}.Release|Any CPU.ActiveCfg = Release|Any CPU
		{F619A0F5-5B85-496B-9717-563758176135}.Release|Any CPU.Build.0 = Release|Any CPU
		{F619A0F5-5B85-496B-9717-563758176135}.Release|x64.ActiveCfg = Release|Any CPU
		{F619A0F5-5B85-496B-9717-563758176135}.Release|x64.Build.0 = Release|Any CPU
		{F619A0F5-5B85-496B-9717-563758176135}.Release|x86.ActiveCfg = Release|Any CPU
		{F619A0F5-5B85-496B-9717-563758176135}.Release|x86.Build.0 = Release|Any CPU
		{FA0F2541-DF0C-42EB-B4F4-C5CE0446F1F2}.Debug|Any CPU.ActiveCfg = Debug|Any CPU
		{FA0F2541-DF0C-42EB-B4F4-C5CE0446F1F2}.Debug|Any CPU.Build.0 = Debug|Any CPU
		{FA0F2541-DF0C-42EB-B4F4-C5CE0446F1F2}.Debug|x64.ActiveCfg = Debug|Any CPU
		{FA0F2541-DF0C-42EB-B4F4-C5CE0446F1F2}.Debug|x64.Build.0 = Debug|Any CPU
		{FA0F2541-DF0C-42EB-B4F4-C5CE0446F1F2}.Debug|x86.ActiveCfg = Debug|Any CPU
		{FA0F2541-DF0C-42EB-B4F4-C5CE0446F1F2}.Debug|x86.Build.0 = Debug|Any CPU
		{FA0F2541-DF0C-42EB-B4F4-C5CE0446F1F2}.Release|Any CPU.ActiveCfg = Release|Any CPU
		{FA0F2541-DF0C-42EB-B4F4-C5CE0446F1F2}.Release|Any CPU.Build.0 = Release|Any CPU
		{FA0F2541-DF0C-42EB-B4F4-C5CE0446F1F2}.Release|x64.ActiveCfg = Release|Any CPU
		{FA0F2541-DF0C-42EB-B4F4-C5CE0446F1F2}.Release|x64.Build.0 = Release|Any CPU
		{FA0F2541-DF0C-42EB-B4F4-C5CE0446F1F2}.Release|x86.ActiveCfg = Release|Any CPU
		{FA0F2541-DF0C-42EB-B4F4-C5CE0446F1F2}.Release|x86.Build.0 = Release|Any CPU
		{47ABD9BD-BB54-48E2-8CDA-F28C9D721286}.Debug|Any CPU.ActiveCfg = Debug|Any CPU
		{47ABD9BD-BB54-48E2-8CDA-F28C9D721286}.Debug|Any CPU.Build.0 = Debug|Any CPU
		{47ABD9BD-BB54-48E2-8CDA-F28C9D721286}.Debug|x64.ActiveCfg = Debug|Any CPU
		{47ABD9BD-BB54-48E2-8CDA-F28C9D721286}.Debug|x64.Build.0 = Debug|Any CPU
		{47ABD9BD-BB54-48E2-8CDA-F28C9D721286}.Debug|x86.ActiveCfg = Debug|Any CPU
		{47ABD9BD-BB54-48E2-8CDA-F28C9D721286}.Debug|x86.Build.0 = Debug|Any CPU
		{47ABD9BD-BB54-48E2-8CDA-F28C9D721286}.Release|Any CPU.ActiveCfg = Release|Any CPU
		{47ABD9BD-BB54-48E2-8CDA-F28C9D721286}.Release|Any CPU.Build.0 = Release|Any CPU
		{47ABD9BD-BB54-48E2-8CDA-F28C9D721286}.Release|x64.ActiveCfg = Release|Any CPU
		{47ABD9BD-BB54-48E2-8CDA-F28C9D721286}.Release|x64.Build.0 = Release|Any CPU
		{47ABD9BD-BB54-48E2-8CDA-F28C9D721286}.Release|x86.ActiveCfg = Release|Any CPU
		{47ABD9BD-BB54-48E2-8CDA-F28C9D721286}.Release|x86.Build.0 = Release|Any CPU
	EndGlobalSection
	GlobalSection(SolutionProperties) = preSolution
		HideSolutionNode = FALSE
	EndGlobalSection
EndGlobal
